
Microsoft Visual Studio Solution File, Format Version 12.00
# Visual Studio Version 17
VisualStudioVersion = 17.1.32319.34
MinimumVisualStudioVersion = 10.0.40219.1
Project("{9A19103F-16F7-4668-BE54-9A1E7A4F7556}") = "BoxLoader", "BoxLoader\BoxLoader.csproj", "{017B7983-945D-4580-84B9-B995FB99E877}"
EndProject
Project("{9A19103F-16F7-4668-BE54-9A1E7A4F7556}") = "BoxLoader.Service", "BoxLoader.Service\BoxLoader.Service.csproj", "{0B3241A5-28BA-4F89-B689-E11791C76738}"
EndProject
Project("{9A19103F-16F7-4668-BE54-9A1E7A4F7556}") = "BoxLoader.Repository", "BoxLoader.Repository\BoxLoader.Repository.csproj", "{3A1D17B6-6929-435A-A60A-8F9D295C36D7}"
EndProject
Project("{9A19103F-16F7-4668-BE54-9A1E7A4F7556}") = "BoxLoader.Models", "BoxLoader.Models\BoxLoader.Models.csproj", "{6C778A5B-C6B5-4345-B5D7-4F95CCF9CEC2}"
EndProject
Global
	GlobalSection(SolutionConfigurationPlatforms) = preSolution
		Debug|Any CPU = Debug|Any CPU
		Release|Any CPU = Release|Any CPU
	EndGlobalSection
	GlobalSection(ProjectConfigurationPlatforms) = postSolution
		{017B7983-945D-4580-84B9-B995FB99E877}.Debug|Any CPU.ActiveCfg = Debug|Any CPU
		{017B7983-945D-4580-84B9-B995FB99E877}.Debug|Any CPU.Build.0 = Debug|Any CPU
		{017B7983-945D-4580-84B9-B995FB99E877}.Release|Any CPU.ActiveCfg = Release|Any CPU
		{017B7983-945D-4580-84B9-B995FB99E877}.Release|Any CPU.Build.0 = Release|Any CPU
		{0B3241A5-28BA-4F89-B689-E11791C76738}.Debug|Any CPU.ActiveCfg = Debug|Any CPU
		{0B3241A5-28BA-4F89-B689-E11791C76738}.Debug|Any CPU.Build.0 = Debug|Any CPU
		{0B3241A5-28BA-4F89-B689-E11791C76738}.Release|Any CPU.ActiveCfg = Release|Any CPU
		{0B3241A5-28BA-4F89-B689-E11791C76738}.Release|Any CPU.Build.0 = Release|Any CPU
		{3A1D17B6-6929-435A-A60A-8F9D295C36D7}.Debug|Any CPU.ActiveCfg = Debug|Any CPU
		{3A1D17B6-6929-435A-A60A-8F9D295C36D7}.Debug|Any CPU.Build.0 = Debug|Any CPU
		{3A1D17B6-6929-435A-A60A-8F9D295C36D7}.Release|Any CPU.ActiveCfg = Release|Any CPU
		{3A1D17B6-6929-435A-A60A-8F9D295C36D7}.Release|Any CPU.Build.0 = Release|Any CPU
		{6C778A5B-C6B5-4345-B5D7-4F95CCF9CEC2}.Debug|Any CPU.ActiveCfg = Debug|Any CPU
		{6C778A5B-C6B5-4345-B5D7-4F95CCF9CEC2}.Debug|Any CPU.Build.0 = Debug|Any CPU
		{6C778A5B-C6B5-4345-B5D7-4F95CCF9CEC2}.Release|Any CPU.ActiveCfg = Release|Any CPU
		{6C778A5B-C6B5-4345-B5D7-4F95CCF9CEC2}.Release|Any CPU.Build.0 = Release|Any CPU
	EndGlobalSection
	GlobalSection(SolutionProperties) = preSolution
		HideSolutionNode = FALSE
	EndGlobalSection
	GlobalSection(ExtensibilityGlobals) = postSolution
		SolutionGuid = {DEFB89BE-2094-4968-91BA-A2E236150B34}
	EndGlobalSection
EndGlobal
